
Microsoft Visual Studio Solution File, Format Version 12.00
# Visual Studio Version 17
VisualStudioVersion = 17.14.36401.2 d17.14
MinimumVisualStudioVersion = 10.0.40219.1
Project("{FAE04EC0-301F-11D3-BF4B-00C04F79EFBC}") = "GestionAnticiposApp", "GestionAnticiposApp.csproj", "{8ECF97AA-7052-A617-CCA8-947C7B2A95A9}"
EndProject
Global
	GlobalSection(SolutionConfigurationPlatforms) = preSolution
		Debug|Any CPU = Debug|Any CPU
		Release|Any CPU = Release|Any CPU
	EndGlobalSection
	GlobalSection(ProjectConfigurationPlatforms) = postSolution
		{8ECF97AA-7052-A617-CCA8-947C7B2A95A9}.Debug|Any CPU.ActiveCfg = Debug|Any CPU
		{8ECF97AA-7052-A617-CCA8-947C7B2A95A9}.Debug|Any CPU.Build.0 = Debug|Any CPU
		{8ECF97AA-7052-A617-CCA8-947C7B2A95A9}.Release|Any CPU.ActiveCfg = Release|Any CPU
		{8ECF97AA-7052-A617-CCA8-947C7B2A95A9}.Release|Any CPU.Build.0 = Release|Any CPU
	EndGlobalSection
	GlobalSection(SolutionProperties) = preSolution
		HideSolutionNode = FALSE
	EndGlobalSection
	GlobalSection(ExtensibilityGlobals) = postSolution
		SolutionGuid = {29E4D27C-83DD-4BB4-815B-D2E84A60ECF8}
	EndGlobalSection
EndGlobal
